{
  "name": "raven",
  "version": "0.0.1",
  "lockfileVersion": 1,
  "requires": true,
  "dependencies": {
    "raven-js": {
      "version": "3.26.1",
      "resolved": "https://registry.npmjs.org/raven-js/-/raven-js-3.26.1.tgz",
      "integrity": "sha512-63M3F/8xJCTZlouVLWX7RqpmqBL0k4UYKlx5XI+6HpHWJ9trexDXGEQ2A78DnWIEx7wo2/ZEnECksgH/0XNRXQ=="
    }
  }
}
